
Microsoft Visual Studio Solution File, Format Version 12.00
# Visual Studio 15
VisualStudioVersion = 15.0.27130.2020
MinimumVisualStudioVersion = 10.0.40219.1
Project("{FAE04EC0-301F-11D3-BF4B-00C04F79EFBC}") = "Mnogougolnik", "Mnogougolnik\Mnogougolnik.csproj", "{282F767F-52F1-420D-825F-7CECF23B12D7}"
EndProject
Project("{FAE04EC0-301F-11D3-BF4B-00C04F79EFBC}") = "User", "User\User.csproj", "{80D615F0-B34B-48C3-BA72-1E22486EB60C}"
EndProject
Project("{FAE04EC0-301F-11D3-BF4B-00C04F79EFBC}") = "Converter", "Converter\Converter.csproj", "{D62D7078-B19C-47A3-AF29-5011561CB903}"
EndProject
Project("{FAE04EC0-301F-11D3-BF4B-00C04F79EFBC}") = "Project_employee", "Project_employee\Project_employee.csproj", "{A4B59B8E-CAC3-445E-9057-7E4D761EFF16}"
EndProject
Project("{FAE04EC0-301F-11D3-BF4B-00C04F79EFBC}") = "Invoice", "Invoice\Invoice.csproj", "{2E51A2F0-73B3-43EB-956C-85423F35FCCD}"
EndProject
Global
	GlobalSection(SolutionConfigurationPlatforms) = preSolution
		Debug|Any CPU = Debug|Any CPU
		Release|Any CPU = Release|Any CPU
	EndGlobalSection
	GlobalSection(ProjectConfigurationPlatforms) = postSolution
		{282F767F-52F1-420D-825F-7CECF23B12D7}.Debug|Any CPU.ActiveCfg = Debug|Any CPU
		{282F767F-52F1-420D-825F-7CECF23B12D7}.Debug|Any CPU.Build.0 = Debug|Any CPU
		{282F767F-52F1-420D-825F-7CECF23B12D7}.Release|Any CPU.ActiveCfg = Release|Any CPU
		{282F767F-52F1-420D-825F-7CECF23B12D7}.Release|Any CPU.Build.0 = Release|Any CPU
		{80D615F0-B34B-48C3-BA72-1E22486EB60C}.Debug|Any CPU.ActiveCfg = Debug|Any CPU
		{80D615F0-B34B-48C3-BA72-1E22486EB60C}.Debug|Any CPU.Build.0 = Debug|Any CPU
		{80D615F0-B34B-48C3-BA72-1E22486EB60C}.Release|Any CPU.ActiveCfg = Release|Any CPU
		{80D615F0-B34B-48C3-BA72-1E22486EB60C}.Release|Any CPU.Build.0 = Release|Any CPU
		{D62D7078-B19C-47A3-AF29-5011561CB903}.Debug|Any CPU.ActiveCfg = Debug|Any CPU
		{D62D7078-B19C-47A3-AF29-5011561CB903}.Debug|Any CPU.Build.0 = Debug|Any CPU
		{D62D7078-B19C-47A3-AF29-5011561CB903}.Release|Any CPU.ActiveCfg = Release|Any CPU
		{D62D7078-B19C-47A3-AF29-5011561CB903}.Release|Any CPU.Build.0 = Release|Any CPU
		{A4B59B8E-CAC3-445E-9057-7E4D761EFF16}.Debug|Any CPU.ActiveCfg = Debug|Any CPU
		{A4B59B8E-CAC3-445E-9057-7E4D761EFF16}.Debug|Any CPU.Build.0 = Debug|Any CPU
		{A4B59B8E-CAC3-445E-9057-7E4D761EFF16}.Release|Any CPU.ActiveCfg = Release|Any CPU
		{A4B59B8E-CAC3-445E-9057-7E4D761EFF16}.Release|Any CPU.Build.0 = Release|Any CPU
		{2E51A2F0-73B3-43EB-956C-85423F35FCCD}.Debug|Any CPU.ActiveCfg = Debug|Any CPU
		{2E51A2F0-73B3-43EB-956C-85423F35FCCD}.Debug|Any CPU.Build.0 = Debug|Any CPU
		{2E51A2F0-73B3-43EB-956C-85423F35FCCD}.Release|Any CPU.ActiveCfg = Release|Any CPU
		{2E51A2F0-73B3-43EB-956C-85423F35FCCD}.Release|Any CPU.Build.0 = Release|Any CPU
	EndGlobalSection
	GlobalSection(SolutionProperties) = preSolution
		HideSolutionNode = FALSE
	EndGlobalSection
	GlobalSection(ExtensibilityGlobals) = postSolution
		SolutionGuid = {85FA4797-1108-4765-BC1D-CD0271BF15EC}
	EndGlobalSection
EndGlobal
